
Microsoft Visual Studio Solution File, Format Version 12.00
# Visual Studio Version 16
VisualStudioVersion = 16.0.31624.102
MinimumVisualStudioVersion = 10.0.40219.1
Project("{FAE04EC0-301F-11D3-BF4B-00C04F79EFBC}") = "ImageTutorial.Android", "ImageTutorial\ImageTutorial.Android\ImageTutorial.Android.csproj", "{562E6F4B-BB0F-4457-A1DE-93938DD5452C}"
EndProject
Project("{FAE04EC0-301F-11D3-BF4B-00C04F79EFBC}") = "ImageTutorial.iOS", "ImageTutorial\ImageTutorial.iOS\ImageTutorial.iOS.csproj", "{1EC2C0DA-66D3-4E53-9E99-C1487AAA5A37}"
EndProject
Project("{FAE04EC0-301F-11D3-BF4B-00C04F79EFBC}") = "ImageTutorial", "ImageTutorial\ImageTutorial\ImageTutorial.csproj", "{916B2516-E0FC-4C31-A87B-AD399BFF0ED2}"
EndProject
Global
	GlobalSection(SolutionConfigurationPlatforms) = preSolution
		Debug|Any CPU = Debug|Any CPU
		Debug|iPhone = Debug|iPhone
		Debug|iPhoneSimulator = Debug|iPhoneSimulator
		Release|Any CPU = Release|Any CPU
		Release|iPhone = Release|iPhone
		Release|iPhoneSimulator = Release|iPhoneSimulator
	EndGlobalSection
	GlobalSection(ProjectConfigurationPlatforms) = postSolution
		{562E6F4B-BB0F-4457-A1DE-93938DD5452C}.Debug|Any CPU.ActiveCfg = Debug|Any CPU
		{562E6F4B-BB0F-4457-A1DE-93938DD5452C}.Debug|Any CPU.Build.0 = Debug|Any CPU
		{562E6F4B-BB0F-4457-A1DE-93938DD5452C}.Debug|Any CPU.Deploy.0 = Debug|Any CPU
		{562E6F4B-BB0F-4457-A1DE-93938DD5452C}.Debug|iPhone.ActiveCfg = Debug|Any CPU
		{562E6F4B-BB0F-4457-A1DE-93938DD5452C}.Debug|iPhone.Build.0 = Debug|Any CPU
		{562E6F4B-BB0F-4457-A1DE-93938DD5452C}.Debug|iPhone.Deploy.0 = Debug|Any CPU
		{562E6F4B-BB0F-4457-A1DE-93938DD5452C}.Debug|iPhoneSimulator.ActiveCfg = Debug|Any CPU
		{562E6F4B-BB0F-4457-A1DE-93938DD5452C}.Debug|iPhoneSimulator.Build.0 = Debug|Any CPU
		{562E6F4B-BB0F-4457-A1DE-93938DD5452C}.Debug|iPhoneSimulator.Deploy.0 = Debug|Any CPU
		{562E6F4B-BB0F-4457-A1DE-93938DD5452C}.Release|Any CPU.ActiveCfg = Release|Any CPU
		{562E6F4B-BB0F-4457-A1DE-93938DD5452C}.Release|Any CPU.Build.0 = Release|Any CPU
		{562E6F4B-BB0F-4457-A1DE-93938DD5452C}.Release|Any CPU.Deploy.0 = Release|Any CPU
		{562E6F4B-BB0F-4457-A1DE-93938DD5452C}.Release|iPhone.ActiveCfg = Release|Any CPU
		{562E6F4B-BB0F-4457-A1DE-93938DD5452C}.Release|iPhone.Build.0 = Release|Any CPU
		{562E6F4B-BB0F-4457-A1DE-93938DD5452C}.Release|iPhone.Deploy.0 = Release|Any CPU
		{562E6F4B-BB0F-4457-A1DE-93938DD5452C}.Release|iPhoneSimulator.ActiveCfg = Release|Any CPU
		{562E6F4B-BB0F-4457-A1DE-93938DD5452C}.Release|iPhoneSimulator.Build.0 = Release|Any CPU
		{562E6F4B-BB0F-4457-A1DE-93938DD5452C}.Release|iPhoneSimulator.Deploy.0 = Release|Any CPU
		{1EC2C0DA-66D3-4E53-9E99-C1487AAA5A37}.Debug|Any CPU.ActiveCfg = Debug|iPhone
		{1EC2C0DA-66D3-4E53-9E99-C1487AAA5A37}.Debug|Any CPU.Build.0 = Debug|iPhone
		{1EC2C0DA-66D3-4E53-9E99-C1487AAA5A37}.Debug|Any CPU.Deploy.0 = Debug|iPhone
		{1EC2C0DA-66D3-4E53-9E99-C1487AAA5A37}.Debug|iPhone.ActiveCfg = Debug|iPhone
		{1EC2C0DA-66D3-4E53-9E99-C1487AAA5A37}.Debug|iPhone.Build.0 = Debug|iPhone
		{1EC2C0DA-66D3-4E53-9E99-C1487AAA5A37}.Debug|iPhone.Deploy.0 = Debug|iPhone
		{1EC2C0DA-66D3-4E53-9E99-C1487AAA5A37}.Debug|iPhoneSimulator.ActiveCfg = Debug|iPhoneSimulator
		{1EC2C0DA-66D3-4E53-9E99-C1487AAA5A37}.Debug|iPhoneSimulator.Build.0 = Debug|iPhoneSimulator
		{1EC2C0DA-66D3-4E53-9E99-C1487AAA5A37}.Debug|iPhoneSimulator.Deploy.0 = Debug|iPhoneSimulator
		{1EC2C0DA-66D3-4E53-9E99-C1487AAA5A37}.Release|Any CPU.ActiveCfg = Release|iPhoneSimulator
		{1EC2C0DA-66D3-4E53-9E99-C1487AAA5A37}.Release|Any CPU.Build.0 = Release|iPhoneSimulator
		{1EC2C0DA-66D3-4E53-9E99-C1487AAA5A37}.Release|Any CPU.Deploy.0 = Release|iPhoneSimulator
		{1EC2C0DA-66D3-4E53-9E99-C1487AAA5A37}.Release|iPhone.ActiveCfg = Release|iPhone
		{1EC2C0DA-66D3-4E53-9E99-C1487AAA5A37}.Release|iPhone.Build.0 = Release|iPhone
		{1EC2C0DA-66D3-4E53-9E99-C1487AAA5A37}.Release|iPhone.Deploy.0 = Release|iPhone
		{1EC2C0DA-66D3-4E53-9E99-C1487AAA5A37}.Release|iPhoneSimulator.ActiveCfg = Release|iPhoneSimulator
		{1EC2C0DA-66D3-4E53-9E99-C1487AAA5A37}.Release|iPhoneSimulator.Build.0 = Release|iPhoneSimulator
		{1EC2C0DA-66D3-4E53-9E99-C1487AAA5A37}.Release|iPhoneSimulator.Deploy.0 = Release|iPhoneSimulator
		{916B2516-E0FC-4C31-A87B-AD399BFF0ED2}.Debug|Any CPU.ActiveCfg = Debug|Any CPU
		{916B2516-E0FC-4C31-A87B-AD399BFF0ED2}.Debug|Any CPU.Build.0 = Debug|Any CPU
		{916B2516-E0FC-4C31-A87B-AD399BFF0ED2}.Debug|Any CPU.Deploy.0 = Debug|Any CPU
		{916B2516-E0FC-4C31-A87B-AD399BFF0ED2}.Debug|iPhone.ActiveCfg = Debug|Any CPU
		{916B2516-E0FC-4C31-A87B-AD399BFF0ED2}.Debug|iPhone.Build.0 = Debug|Any CPU
		{916B2516-E0FC-4C31-A87B-AD399BFF0ED2}.Debug|iPhone.Deploy.0 = Debug|Any CPU
		{916B2516-E0FC-4C31-A87B-AD399BFF0ED2}.Debug|iPhoneSimulator.ActiveCfg = Debug|Any CPU
		{916B2516-E0FC-4C31-A87B-AD399BFF0ED2}.Debug|iPhoneSimulator.Build.0 = Debug|Any CPU
		{916B2516-E0FC-4C31-A87B-AD399BFF0ED2}.Debug|iPhoneSimulator.Deploy.0 = Debug|Any CPU
		{916B2516-E0FC-4C31-A87B-AD399BFF0ED2}.Release|Any CPU.ActiveCfg = Release|Any CPU
		{916B2516-E0FC-4C31-A87B-AD399BFF0ED2}.Release|Any CPU.Build.0 = Release|Any CPU
		{916B2516-E0FC-4C31-A87B-AD399BFF0ED2}.Release|Any CPU.Deploy.0 = Release|Any CPU
		{916B2516-E0FC-4C31-A87B-AD399BFF0ED2}.Release|iPhone.ActiveCfg = Release|Any CPU
		{916B2516-E0FC-4C31-A87B-AD399BFF0ED2}.Release|iPhone.Build.0 = Release|Any CPU
		{916B2516-E0FC-4C31-A87B-AD399BFF0ED2}.Release|iPhone.Deploy.0 = Release|Any CPU
		{916B2516-E0FC-4C31-A87B-AD399BFF0ED2}.Release|iPhoneSimulator.ActiveCfg = Release|Any CPU
		{916B2516-E0FC-4C31-A87B-AD399BFF0ED2}.Release|iPhoneSimulator.Build.0 = Release|Any CPU
		{916B2516-E0FC-4C31-A87B-AD399BFF0ED2}.Release|iPhoneSimulator.Deploy.0 = Release|Any CPU
	EndGlobalSection
	GlobalSection(SolutionProperties) = preSolution
		HideSolutionNode = FALSE
	EndGlobalSection
	GlobalSection(ExtensibilityGlobals) = postSolution
		SolutionGuid = {4C690CC8-2514-41C7-8A5F-F4AF8047E06E}
	EndGlobalSection
EndGlobal
